<?xml version="1.0" encoding="utf-8"?>
<Project ToolsVersion="4.0" xmlns="http://schemas.microsoft.com/developer/msbuild/2003">
  <ItemGroup>
    <Filter Include="Source Files">
      <UniqueIdentifier>{4FC737F1-C7A5-4376-A066-2A32D752A2FF}</UniqueIdentifier>
      <Extensions>cpp;c;cc;cxx;def;odl;idl;hpj;bat;asm;asmx</Extensions>
    </Filter>
    <Filter Include="Header Files">
      <UniqueIdentifier>{93995380-89BD-4b04-88EB-625FBE52EBFB}</UniqueIdentifier>
      <Extensions>h;hh;hpp;hxx;hm;inl;inc;xsd</Extensions>
    </Filter>
    <Filter Include="Resource Files">
      <UniqueIdentifier>{67DA6AB6-F800-4c08-8B7A-83BB121AAD01}</UniqueIdentifier>
      <Extensions>rc;ico;cur;bmp;dlg;rc2;rct;bin;rgs;gif;jpg;jpeg;jpe;resx;tiff;tif;png;wav</Extensions>
    </Filter>
  </ItemGroup>
  <ItemGroup>
    <ClCompile Include="about.cpp">
      <Filter>Source Files</Filter>
    </ClCompile>
    <ClCompile Include="Dijkstra.cpp">
      <Filter>Source Files</Filter>
    </ClCompile>
    <ClCompile Include="Dummy.cpp">
      <Filter>Source Files</Filter>
    </ClCompile>
    <ClCompile Include="HCDVRP.cpp">
      <Filter>Source Files</Filter>
    </ClCompile>
    <ClCompile Include="Main.cpp">
      <Filter>Source Files</Filter>
    </ClCompile>
    <ClCompile Include="Main1_0_5.cpp">
      <Filter>Source Files</Filter>
    </ClCompile>
    <ClCompile Include="MCFLIGHT1_0_6.Cpp">
      <Filter>Source Files</Filter>
    </ClCompile>
    <ClCompile Include="MCFModel.cpp">
      <Filter>Source Files</Filter>
    </ClCompile>
    <ClCompile Include="MCFModel1_2.cpp">
      <Filter>Source Files</Filter>
    </ClCompile>
    <ClCompile Include="MCFModel1_3.cpp">
      <Filter>Source Files</Filter>
    </ClCompile>
    <ClCompile Include="MCFModel2.cpp">
      <Filter>Source Files</Filter>
    </ClCompile>
    <ClCompile Include="MCFTEST1.cpp">
      <Filter>Source Files</Filter>
    </ClCompile>
    <ClCompile Include="Mcfutil.cpp">
      <Filter>Source Files</Filter>
    </ClCompile>
    <ClCompile Include="OpenPort.cpp">
      <Filter>Source Files</Filter>
    </ClCompile>
    <ClCompile Include="OUTPUT.cpp">
      <Filter>Source Files</Filter>
    </ClCompile>
    <ClCompile Include="PBEAMPP1.cpp">
      <Filter>Source Files</Filter>
    </ClCompile>
    <ClCompile Include="PBEAMPP2.cpp">
      <Filter>Source Files</Filter>
    </ClCompile>
    <ClCompile Include="PBEAMPP3.cpp">
      <Filter>Source Files</Filter>
    </ClCompile>
    <ClCompile Include="PBEAMPP4.cpp">
      <Filter>Source Files</Filter>
    </ClCompile>
    <ClCompile Include="PBLA1_3.cpp">
      <Filter>Source Files</Filter>
    </ClCompile>
    <ClCompile Include="PFLOWUP.cpp">
      <Filter>Source Files</Filter>
    </ClCompile>
    <ClCompile Include="PortAbout.cpp">
      <Filter>Source Files</Filter>
    </ClCompile>
    <ClCompile Include="PortAGV.cpp">
      <Filter>Source Files</Filter>
    </ClCompile>
    <ClCompile Include="PortAgvs.cpp">
      <Filter>Source Files</Filter>
    </ClCompile>
    <ClCompile Include="PortApp1.cpp">
      <Filter>Source Files</Filter>
    </ClCompile>
    <ClCompile Include="PortApp1_0_10.cpp">
      <Filter>Source Files</Filter>
    </ClCompile>
    <ClCompile Include="PortApp1_0_5.cpp">
      <Filter>Source Files</Filter>
    </ClCompile>
    <ClCompile Include="PortApp1_0_6.cpp">
      <Filter>Source Files</Filter>
    </ClCompile>
    <ClCompile Include="PortApp1_0_7.cpp">
      <Filter>Source Files</Filter>
    </ClCompile>
    <ClCompile Include="PortApp1_0_8.cpp">
      <Filter>Source Files</Filter>
    </ClCompile>
    <ClCompile Include="PortApp1_0_9.cpp">
      <Filter>Source Files</Filter>
    </ClCompile>
    <ClCompile Include="PortApp1_1.cpp">
      <Filter>Source Files</Filter>
    </ClCompile>
    <ClCompile Include="PortApp1_2.cpp">
      <Filter>Source Files</Filter>
    </ClCompile>
    <ClCompile Include="PortApp1_3.cpp">
      <Filter>Source Files</Filter>
    </ClCompile>
    <ClCompile Include="PortBenchmark.cpp">
      <Filter>Source Files</Filter>
    </ClCompile>
    <ClCompile Include="PortContainer.cpp">
      <Filter>Source Files</Filter>
    </ClCompile>
    <ClCompile Include="PortLayout.cpp">
      <Filter>Source Files</Filter>
    </ClCompile>
    <ClCompile Include="PREPAIR.cpp">
      <Filter>Source Files</Filter>
    </ClCompile>
    <ClCompile Include="PSIMPLEX1_3.cpp">
      <Filter>Source Files</Filter>
    </ClCompile>
    <ClCompile Include="PSTART.cpp">
      <Filter>Source Files</Filter>
    </ClCompile>
    <ClCompile Include="READMIN.Cpp">
      <Filter>Source Files</Filter>
    </ClCompile>
    <ClCompile Include="RNAA.Cpp">
      <Filter>Source Files</Filter>
    </ClCompile>
    <ClCompile Include="Splash.cpp">
      <Filter>Source Files</Filter>
    </ClCompile>
    <ClCompile Include="TREEUP.cpp">
      <Filter>Source Files</Filter>
    </ClCompile>
    <ClCompile Include="Unit1.cpp">
      <Filter>Source Files</Filter>
    </ClCompile>
    <ClCompile Include="Dijkstra.c">
      <Filter>Source Files</Filter>
    </ClCompile>
    <ClCompile Include="File1.c">
      <Filter>Source Files</Filter>
    </ClCompile>
  </ItemGroup>
  <ItemGroup>
    <ClInclude Include="about.h">
      <Filter>Header Files</Filter>
    </ClInclude>
    <ClInclude Include="Defines.h">
      <Filter>Header Files</Filter>
    </ClInclude>
    <ClInclude Include="Dijkstra.h">
      <Filter>Header Files</Filter>
    </ClInclude>
    <ClInclude Include="DSIMPLEX.H">
      <Filter>Header Files</Filter>
    </ClInclude>
    <ClInclude Include="Global.h">
      <Filter>Header Files</Filter>
    </ClInclude>
    <ClInclude Include="Global_ext.h">
      <Filter>Header Files</Filter>
    </ClInclude>
    <ClInclude Include="HPDPTW_2.h">
      <Filter>Header Files</Filter>
    </ClInclude>
    <ClInclude Include="Main.h">
      <Filter>Header Files</Filter>
    </ClInclude>
    <ClInclude Include="Main1_0_5.h">
      <Filter>Header Files</Filter>
    </ClInclude>
    <ClInclude Include="mcf.h">
      <Filter>Header Files</Filter>
    </ClInclude>
    <ClInclude Include="mcfdefs.h">
      <Filter>Header Files</Filter>
    </ClInclude>
    <ClInclude Include="MCFModel.h">
      <Filter>Header Files</Filter>
    </ClInclude>
    <ClInclude Include="MCFModel1_2.h">
      <Filter>Header Files</Filter>
    </ClInclude>
    <ClInclude Include="MCFModel1_3.h">
      <Filter>Header Files</Filter>
    </ClInclude>
    <ClInclude Include="MCFModel2.h">
      <Filter>Header Files</Filter>
    </ClInclude>
    <ClInclude Include="MCFTEST1.h">
      <Filter>Header Files</Filter>
    </ClInclude>
    <ClInclude Include="Mcfutil.h">
      <Filter>Header Files</Filter>
    </ClInclude>
    <ClInclude Include="MCF_Unit1.h">
      <Filter>Header Files</Filter>
    </ClInclude>
    <ClInclude Include="OpenPort.h">
      <Filter>Header Files</Filter>
    </ClInclude>
    <ClInclude Include="OUTPUT.h">
      <Filter>Header Files</Filter>
    </ClInclude>
    <ClInclude Include="pbea.h">
      <Filter>Header Files</Filter>
    </ClInclude>
    <ClInclude Include="PBEADEF.H">
      <Filter>Header Files</Filter>
    </ClInclude>
    <ClInclude Include="PBLA.h">
      <Filter>Header Files</Filter>
    </ClInclude>
    <ClInclude Include="pflowup.h">
      <Filter>Header Files</Filter>
    </ClInclude>
    <ClInclude Include="PortAbout.h">
      <Filter>Header Files</Filter>
    </ClInclude>
    <ClInclude Include="PortAGV.h">
      <Filter>Header Files</Filter>
    </ClInclude>
    <ClInclude Include="PortAgvs.h">
      <Filter>Header Files</Filter>
    </ClInclude>
    <ClInclude Include="PortBenchmark.h">
      <Filter>Header Files</Filter>
    </ClInclude>
    <ClInclude Include="PortContainer.h">
      <Filter>Header Files</Filter>
    </ClInclude>
    <ClInclude Include="PortLayout.h">
      <Filter>Header Files</Filter>
    </ClInclude>
    <ClInclude Include="PREPAIR.h">
      <Filter>Header Files</Filter>
    </ClInclude>
    <ClInclude Include="PSIMPLEX.h">
      <Filter>Header Files</Filter>
    </ClInclude>
    <ClInclude Include="PSTART.h">
      <Filter>Header Files</Filter>
    </ClInclude>
    <ClInclude Include="READMIN.h">
      <Filter>Header Files</Filter>
    </ClInclude>
    <ClInclude Include="sdimain.h">
      <Filter>Header Files</Filter>
    </ClInclude>
    <ClInclude Include="Splash.h">
      <Filter>Header Files</Filter>
    </ClInclude>
    <ClInclude Include="TREEUP.h">
      <Filter>Header Files</Filter>
    </ClInclude>
    <ClInclude Include="Unit1.h">
      <Filter>Header Files</Filter>
    </ClInclude>
  </ItemGroup>
  <ItemGroup>
    <None Include="_HELP_instructions.html" />
  </ItemGroup>
</Project>